
Microsoft Visual Studio Solution File, Format Version 12.00
# Visual Studio Version 16
VisualStudioVersion = 16.0.28922.388
MinimumVisualStudioVersion = 10.0.40219.1
Project("{FAE04EC0-301F-11D3-BF4B-00C04F79EFBC}") = "ForumWebsite", "ForumWebsite\ForumWebsite.csproj", "{6673C777-E7D1-4B5C-AE20-6F8BAB86B99B}"
EndProject
Global
	GlobalSection(SolutionConfigurationPlatforms) = preSolution
		Debug|Any CPU = Debug|Any CPU
		Release|Any CPU = Release|Any CPU
	EndGlobalSection
	GlobalSection(ProjectConfigurationPlatforms) = postSolution
		{6673C777-E7D1-4B5C-AE20-6F8BAB86B99B}.Debug|Any CPU.ActiveCfg = Debug|Any CPU
		{6673C777-E7D1-4B5C-AE20-6F8BAB86B99B}.Debug|Any CPU.Build.0 = Debug|Any CPU
		{6673C777-E7D1-4B5C-AE20-6F8BAB86B99B}.Release|Any CPU.ActiveCfg = Release|Any CPU
		{6673C777-E7D1-4B5C-AE20-6F8BAB86B99B}.Release|Any CPU.Build.0 = Release|Any CPU
	EndGlobalSection
	GlobalSection(SolutionProperties) = preSolution
		HideSolutionNode = FALSE
	EndGlobalSection
	GlobalSection(ExtensibilityGlobals) = postSolution
		SolutionGuid = {9AE462AF-A370-4342-92F5-95BF5BD322F3}
	EndGlobalSection
EndGlobal
